
Microsoft Visual Studio Solution File, Format Version 12.00
# Visual Studio 15
VisualStudioVersion = 15.0.27703.2042
MinimumVisualStudioVersion = 10.0.40219.1
Project("{FAE04EC0-301F-11D3-BF4B-00C04F79EFBC}") = "BuildingExtension", "BuildingExtension\BuildingExtension.csproj", "{4FD48610-B28D-4C69-B165-84DA3F2D62FA}"
EndProject
Global
	GlobalSection(SolutionConfigurationPlatforms) = preSolution
		Debug|Any CPU = Debug|Any CPU
		Release|Any CPU = Release|Any CPU
	EndGlobalSection
	GlobalSection(ProjectConfigurationPlatforms) = postSolution
		{4FD48610-B28D-4C69-B165-84DA3F2D62FA}.Debug|Any CPU.ActiveCfg = Debug|Any CPU
		{4FD48610-B28D-4C69-B165-84DA3F2D62FA}.Debug|Any CPU.Build.0 = Debug|Any CPU
		{4FD48610-B28D-4C69-B165-84DA3F2D62FA}.Release|Any CPU.ActiveCfg = Release|Any CPU
		{4FD48610-B28D-4C69-B165-84DA3F2D62FA}.Release|Any CPU.Build.0 = Release|Any CPU
	EndGlobalSection
	GlobalSection(SolutionProperties) = preSolution
		HideSolutionNode = FALSE
	EndGlobalSection
	GlobalSection(ExtensibilityGlobals) = postSolution
		SolutionGuid = {EA233FBB-8DFC-433B-8B25-4AE1DB78303D}
	EndGlobalSection
EndGlobal
