
Microsoft Visual Studio Solution File, Format Version 12.00
# Visual Studio 2013
VisualStudioVersion = 12.0.31101.0
MinimumVisualStudioVersion = 10.0.40219.1
Project("{FAE04EC0-301F-11D3-BF4B-00C04F79EFBC}") = "BriskLR", "BriskLR.csproj", "{5260D58E-F491-4BDD-B05C-EB545EE5F89A}"
EndProject
Project("{FAE04EC0-301F-11D3-BF4B-00C04F79EFBC}") = "BriskArctic", "..\BriskArctic\BriskArctic.csproj", "{6625C1BA-DE6A-4750-BEC3-4BB64C0E9FD9}"
EndProject
Global
	GlobalSection(SolutionConfigurationPlatforms) = preSolution
		Debug|Any CPU = Debug|Any CPU
		Release|Any CPU = Release|Any CPU
	EndGlobalSection
	GlobalSection(ProjectConfigurationPlatforms) = postSolution
		{5260D58E-F491-4BDD-B05C-EB545EE5F89A}.Debug|Any CPU.ActiveCfg = Debug|Any CPU
		{5260D58E-F491-4BDD-B05C-EB545EE5F89A}.Debug|Any CPU.Build.0 = Debug|Any CPU
		{5260D58E-F491-4BDD-B05C-EB545EE5F89A}.Release|Any CPU.ActiveCfg = Release|Any CPU
		{5260D58E-F491-4BDD-B05C-EB545EE5F89A}.Release|Any CPU.Build.0 = Release|Any CPU
		{6625C1BA-DE6A-4750-BEC3-4BB64C0E9FD9}.Debug|Any CPU.ActiveCfg = Debug|Any CPU
		{6625C1BA-DE6A-4750-BEC3-4BB64C0E9FD9}.Debug|Any CPU.Build.0 = Debug|Any CPU
		{6625C1BA-DE6A-4750-BEC3-4BB64C0E9FD9}.Release|Any CPU.ActiveCfg = Release|Any CPU
		{6625C1BA-DE6A-4750-BEC3-4BB64C0E9FD9}.Release|Any CPU.Build.0 = Release|Any CPU
	EndGlobalSection
	GlobalSection(SolutionProperties) = preSolution
		HideSolutionNode = FALSE
	EndGlobalSection
EndGlobal
