
Microsoft Visual Studio Solution File, Format Version 12.00
# Visual Studio 15
VisualStudioVersion = 15.0.27703.2042
MinimumVisualStudioVersion = 10.0.40219.1
Project("{FAE04EC0-301F-11D3-BF4B-00C04F79EFBC}") = "NuclearPowerMod", "NuclearPowerMod\NuclearPowerMod.csproj", "{1C93D361-309F-4318-9845-3E51C8565C9C}"
EndProject
Global
	GlobalSection(SolutionConfigurationPlatforms) = preSolution
		Debug|Any CPU = Debug|Any CPU
		Release|Any CPU = Release|Any CPU
	EndGlobalSection
	GlobalSection(ProjectConfigurationPlatforms) = postSolution
		{1C93D361-309F-4318-9845-3E51C8565C9C}.Debug|Any CPU.ActiveCfg = Debug|Any CPU
		{1C93D361-309F-4318-9845-3E51C8565C9C}.Debug|Any CPU.Build.0 = Debug|Any CPU
		{1C93D361-309F-4318-9845-3E51C8565C9C}.Release|Any CPU.ActiveCfg = Release|Any CPU
		{1C93D361-309F-4318-9845-3E51C8565C9C}.Release|Any CPU.Build.0 = Release|Any CPU
	EndGlobalSection
	GlobalSection(SolutionProperties) = preSolution
		HideSolutionNode = FALSE
	EndGlobalSection
	GlobalSection(ExtensibilityGlobals) = postSolution
		SolutionGuid = {A665C8B9-4E0A-47AA-B0BD-87FEB5DD1D77}
	EndGlobalSection
EndGlobal
