
Microsoft Visual Studio Solution File, Format Version 12.00
# Visual Studio 15
VisualStudioVersion = 15.0.27130.0
MinimumVisualStudioVersion = 10.0.40219.1
Project("{FAE04EC0-301F-11D3-BF4B-00C04F79EFBC}") = "CheaperInsulator", "CheaperInsulator\CheaperInsulator.csproj", "{D026DB0D-EF32-4837-8608-FEC7687A4A0E}"
EndProject
Project("{FAE04EC0-301F-11D3-BF4B-00C04F79EFBC}") = "RadiumFuelRod", "RadiumFuelRod\RadiumFuelRod.csproj", "{10666963-3740-4736-B782-A8635AB2C2FB}"
EndProject
Project("{FAE04EC0-301F-11D3-BF4B-00C04F79EFBC}") = "BuildableSteamGeyser", "BuildableSteamGeyser\BuildableSteamGeyser.csproj", "{12C357B6-EA4D-4876-B694-08505249A819}"
EndProject
Project("{FAE04EC0-301F-11D3-BF4B-00C04F79EFBC}") = "RocketOverhaul", "RocketOverhaul\RocketOverhaul.csproj", "{B8E5BBAB-4875-4EF6-B1BE-D399522BB20B}"
EndProject
Project("{FAE04EC0-301F-11D3-BF4B-00C04F79EFBC}") = "AdvancedRoboMiner", "AdvancedRoboMiner\AdvancedRoboMiner.csproj", "{3E4E13AB-86EB-4670-B1D4-89F2E7D279B8}"
EndProject
Global
	GlobalSection(SolutionConfigurationPlatforms) = preSolution
		Debug|Any CPU = Debug|Any CPU
		Release|Any CPU = Release|Any CPU
	EndGlobalSection
	GlobalSection(ProjectConfigurationPlatforms) = postSolution
		{D026DB0D-EF32-4837-8608-FEC7687A4A0E}.Debug|Any CPU.ActiveCfg = Debug|Any CPU
		{D026DB0D-EF32-4837-8608-FEC7687A4A0E}.Debug|Any CPU.Build.0 = Debug|Any CPU
		{D026DB0D-EF32-4837-8608-FEC7687A4A0E}.Release|Any CPU.ActiveCfg = Release|Any CPU
		{D026DB0D-EF32-4837-8608-FEC7687A4A0E}.Release|Any CPU.Build.0 = Release|Any CPU
		{10666963-3740-4736-B782-A8635AB2C2FB}.Debug|Any CPU.ActiveCfg = Debug|Any CPU
		{10666963-3740-4736-B782-A8635AB2C2FB}.Debug|Any CPU.Build.0 = Debug|Any CPU
		{10666963-3740-4736-B782-A8635AB2C2FB}.Release|Any CPU.ActiveCfg = Release|Any CPU
		{10666963-3740-4736-B782-A8635AB2C2FB}.Release|Any CPU.Build.0 = Release|Any CPU
		{12C357B6-EA4D-4876-B694-08505249A819}.Debug|Any CPU.ActiveCfg = Debug|Any CPU
		{12C357B6-EA4D-4876-B694-08505249A819}.Debug|Any CPU.Build.0 = Debug|Any CPU
		{12C357B6-EA4D-4876-B694-08505249A819}.Release|Any CPU.ActiveCfg = Release|Any CPU
		{12C357B6-EA4D-4876-B694-08505249A819}.Release|Any CPU.Build.0 = Release|Any CPU
		{B8E5BBAB-4875-4EF6-B1BE-D399522BB20B}.Debug|Any CPU.ActiveCfg = Debug|Any CPU
		{B8E5BBAB-4875-4EF6-B1BE-D399522BB20B}.Debug|Any CPU.Build.0 = Debug|Any CPU
		{B8E5BBAB-4875-4EF6-B1BE-D399522BB20B}.Release|Any CPU.ActiveCfg = Release|Any CPU
		{B8E5BBAB-4875-4EF6-B1BE-D399522BB20B}.Release|Any CPU.Build.0 = Release|Any CPU
		{3E4E13AB-86EB-4670-B1D4-89F2E7D279B8}.Debug|Any CPU.ActiveCfg = Debug|Any CPU
		{3E4E13AB-86EB-4670-B1D4-89F2E7D279B8}.Debug|Any CPU.Build.0 = Debug|Any CPU
		{3E4E13AB-86EB-4670-B1D4-89F2E7D279B8}.Release|Any CPU.ActiveCfg = Release|Any CPU
		{3E4E13AB-86EB-4670-B1D4-89F2E7D279B8}.Release|Any CPU.Build.0 = Release|Any CPU
	EndGlobalSection
	GlobalSection(SolutionProperties) = preSolution
		HideSolutionNode = FALSE
	EndGlobalSection
	GlobalSection(ExtensibilityGlobals) = postSolution
		SolutionGuid = {A891E594-F383-4A36-B723-E43117F7F1B4}
	EndGlobalSection
EndGlobal
